
Microsoft Visual Studio Solution File, Format Version 12.00
# Visual Studio Version 17
VisualStudioVersion = 17.10.34707.107
MinimumVisualStudioVersion = 10.0.40219.1
Project("{FAE04EC0-301F-11D3-BF4B-00C04F79EFBC}") = "ConsoleApp1", "ConsoleApp1\ConsoleApp1.csproj", "{EC905917-2229-448A-A2C1-210B121EA6A5}"
EndProject
Project("{FAE04EC0-301F-11D3-BF4B-00C04F79EFBC}") = "ConsoleApp2", "ConsoleApp2\ConsoleApp2.csproj", "{0D6C4456-60FC-46DD-AF4D-A1AB1392CC1A}"
EndProject
Global
	GlobalSection(SolutionConfigurationPlatforms) = preSolution
		Debug|Any CPU = Debug|Any CPU
		Release|Any CPU = Release|Any CPU
	EndGlobalSection
	GlobalSection(ProjectConfigurationPlatforms) = postSolution
		{EC905917-2229-448A-A2C1-210B121EA6A5}.Debug|Any CPU.ActiveCfg = Debug|Any CPU
		{EC905917-2229-448A-A2C1-210B121EA6A5}.Debug|Any CPU.Build.0 = Debug|Any CPU
		{EC905917-2229-448A-A2C1-210B121EA6A5}.Release|Any CPU.ActiveCfg = Release|Any CPU
		{EC905917-2229-448A-A2C1-210B121EA6A5}.Release|Any CPU.Build.0 = Release|Any CPU
		{0D6C4456-60FC-46DD-AF4D-A1AB1392CC1A}.Debug|Any CPU.ActiveCfg = Debug|Any CPU
		{0D6C4456-60FC-46DD-AF4D-A1AB1392CC1A}.Debug|Any CPU.Build.0 = Debug|Any CPU
		{0D6C4456-60FC-46DD-AF4D-A1AB1392CC1A}.Release|Any CPU.ActiveCfg = Release|Any CPU
		{0D6C4456-60FC-46DD-AF4D-A1AB1392CC1A}.Release|Any CPU.Build.0 = Release|Any CPU
	EndGlobalSection
	GlobalSection(SolutionProperties) = preSolution
		HideSolutionNode = FALSE
	EndGlobalSection
	GlobalSection(ExtensibilityGlobals) = postSolution
		SolutionGuid = {1A81B430-E254-4C1E-96EC-4B97D50AA291}
	EndGlobalSection
EndGlobal
